
Microsoft Visual Studio Solution File, Format Version 12.00
# Visual Studio Version 17
VisualStudioVersion = 17.13.35931.197
MinimumVisualStudioVersion = 10.0.40219.1
Project("{54A90642-561A-4BB1-A94E-469ADEE60C69}") = "shopcheckr.client", "shopcheckr.client\shopcheckr.client.esproj", "{B9242823-BC41-95B3-D61D-2A1841162A88}"
EndProject
Project("{FAE04EC0-301F-11D3-BF4B-00C04F79EFBC}") = "shopcheckr.webapi", "shopcheckr.Server\shopcheckr.webapi.csproj", "{606BE86C-A9DD-490D-8C7C-D3CA7805A0B5}"
EndProject
Project("{FAE04EC0-301F-11D3-BF4B-00C04F79EFBC}") = "shopcheckr.domain", "shopcheckr.domain\shopcheckr.domain.csproj", "{6FD82D0F-5DE1-4F9D-BA17-EA5BF9CB3692}"
EndProject
Project("{FAE04EC0-301F-11D3-BF4B-00C04F79EFBC}") = "shopcheckr.application", "shopcheckr.application\shopcheckr.application.csproj", "{2EF13D22-CF8F-4583-819C-BFA5B4EA7730}"
EndProject
Project("{FAE04EC0-301F-11D3-BF4B-00C04F79EFBC}") = "shopcheckr.infrastructure", "shopcheckr.infrastructure\shopcheckr.infrastructure.csproj", "{9F94E611-017A-46BB-B65D-FE8C2A155D31}"
EndProject
Global
	GlobalSection(SolutionConfigurationPlatforms) = preSolution
		Debug|Any CPU = Debug|Any CPU
		Release|Any CPU = Release|Any CPU
	EndGlobalSection
	GlobalSection(ProjectConfigurationPlatforms) = postSolution
		{B9242823-BC41-95B3-D61D-2A1841162A88}.Debug|Any CPU.ActiveCfg = Debug|Any CPU
		{B9242823-BC41-95B3-D61D-2A1841162A88}.Debug|Any CPU.Build.0 = Debug|Any CPU
		{B9242823-BC41-95B3-D61D-2A1841162A88}.Debug|Any CPU.Deploy.0 = Debug|Any CPU
		{B9242823-BC41-95B3-D61D-2A1841162A88}.Release|Any CPU.ActiveCfg = Release|Any CPU
		{B9242823-BC41-95B3-D61D-2A1841162A88}.Release|Any CPU.Build.0 = Release|Any CPU
		{B9242823-BC41-95B3-D61D-2A1841162A88}.Release|Any CPU.Deploy.0 = Release|Any CPU
		{606BE86C-A9DD-490D-8C7C-D3CA7805A0B5}.Debug|Any CPU.ActiveCfg = Debug|Any CPU
		{606BE86C-A9DD-490D-8C7C-D3CA7805A0B5}.Debug|Any CPU.Build.0 = Debug|Any CPU
		{606BE86C-A9DD-490D-8C7C-D3CA7805A0B5}.Release|Any CPU.ActiveCfg = Release|Any CPU
		{606BE86C-A9DD-490D-8C7C-D3CA7805A0B5}.Release|Any CPU.Build.0 = Release|Any CPU
		{6FD82D0F-5DE1-4F9D-BA17-EA5BF9CB3692}.Debug|Any CPU.ActiveCfg = Debug|Any CPU
		{6FD82D0F-5DE1-4F9D-BA17-EA5BF9CB3692}.Debug|Any CPU.Build.0 = Debug|Any CPU
		{6FD82D0F-5DE1-4F9D-BA17-EA5BF9CB3692}.Release|Any CPU.ActiveCfg = Release|Any CPU
		{6FD82D0F-5DE1-4F9D-BA17-EA5BF9CB3692}.Release|Any CPU.Build.0 = Release|Any CPU
		{2EF13D22-CF8F-4583-819C-BFA5B4EA7730}.Debug|Any CPU.ActiveCfg = Debug|Any CPU
		{2EF13D22-CF8F-4583-819C-BFA5B4EA7730}.Debug|Any CPU.Build.0 = Debug|Any CPU
		{2EF13D22-CF8F-4583-819C-BFA5B4EA7730}.Release|Any CPU.ActiveCfg = Release|Any CPU
		{2EF13D22-CF8F-4583-819C-BFA5B4EA7730}.Release|Any CPU.Build.0 = Release|Any CPU
		{9F94E611-017A-46BB-B65D-FE8C2A155D31}.Debug|Any CPU.ActiveCfg = Debug|Any CPU
		{9F94E611-017A-46BB-B65D-FE8C2A155D31}.Debug|Any CPU.Build.0 = Debug|Any CPU
		{9F94E611-017A-46BB-B65D-FE8C2A155D31}.Release|Any CPU.ActiveCfg = Release|Any CPU
		{9F94E611-017A-46BB-B65D-FE8C2A155D31}.Release|Any CPU.Build.0 = Release|Any CPU
	EndGlobalSection
	GlobalSection(SolutionProperties) = preSolution
		HideSolutionNode = FALSE
	EndGlobalSection
	GlobalSection(ExtensibilityGlobals) = postSolution
		SolutionGuid = {C1ABCF53-36A1-4291-9574-C00742C6C932}
	EndGlobalSection
EndGlobal
